<?xml version="1.0" encoding="utf-8"?>
<Project ToolsVersion="4.0" xmlns="http://schemas.microsoft.com/developer/msbuild/2003">
  <ItemGroup>
    <ClCompile Include="src\util.cpp">
      <Filter>Src</Filter>
    </ClCompile>
    <ClCompile Include="src\main.cpp">
      <Filter>Src</Filter>
    </ClCompile>
    <ClCompile Include="src\librx8.cpp">
      <Filter>Src</Filter>
    </ClCompile>
    <ClCompile Include="J2534\J2534.cpp">
      <Filter>Src</Filter>
    </ClCompile>
    <ClCompile Include="src\progressbar.cpp">
      <Filter>Src</Filter>
    </ClCompile>
    <ClCompile Include="src\args.cpp">
      <Filter>Src</Filter>
    </ClCompile>
    <ClCompile Include="lib\getopt\getopt.c">
      <Filter>Src</Filter>
    </ClCompile>
  </ItemGroup>
  <ItemGroup>
    <Filter Include="Docs">
      <UniqueIdentifier>{80505dd4-3aff-4e9d-b44f-43aaac66b754}</UniqueIdentifier>
    </Filter>
    <Filter Include="Src">
      <UniqueIdentifier>{2f2a7131-6bb7-4371-b42c-5ef8a6b70870}</UniqueIdentifier>
    </Filter>
  </ItemGroup>
  <ItemGroup>
    <None Include="LICENSE.md">
      <Filter>Docs</Filter>
    </None>
    <None Include="README.md">
      <Filter>Docs</Filter>
    </None>
    <None Include="CHANGELOG.md">
      <Filter>Docs</Filter>
    </None>
  </ItemGroup>
  <ItemGroup>
    <ClInclude Include="src\util.h">
      <Filter>Src</Filter>
    </ClInclude>
    <ClInclude Include="src\UDS.h">
      <Filter>Src</Filter>
    </ClInclude>
    <ClInclude Include="src\progressbar.h">
      <Filter>Src</Filter>
    </ClInclude>
    <ClInclude Include="src\OBD2.h">
      <Filter>Src</Filter>
    </ClInclude>
    <ClInclude Include="src\librx8.h">
      <Filter>Src</Filter>
    </ClInclude>
    <ClInclude Include="src\args.h">
      <Filter>Src</Filter>
    </ClInclude>
    <ClInclude Include="lib\getopt\getopt.h">
      <Filter>Src</Filter>
    </ClInclude>
  </ItemGroup>
</Project>